
Microsoft Visual Studio Solution File, Format Version 12.00
# Visual Studio Version 17
VisualStudioVersion = 17.13.35931.197
MinimumVisualStudioVersion = 10.0.40219.1
Project("{FAE04EC0-301F-11D3-BF4B-00C04F79EFBC}") = "DatingWebApp", "DatingWebApp\DatingWebApp.csproj", "{5CD3DCE7-E6B1-4967-9F53-19F721FB95F7}"
EndProject
Project("{FAE04EC0-301F-11D3-BF4B-00C04F79EFBC}") = "DatingWebAppTests", "DatingWebAppTests\DatingWebAppTests.csproj", "{3B99944E-4B38-4DB2-9CE6-E9E16F414FBB}"
EndProject
Global
	GlobalSection(SolutionConfigurationPlatforms) = preSolution
		Debug|Any CPU = Debug|Any CPU
		Release|Any CPU = Release|Any CPU
	EndGlobalSection
	GlobalSection(ProjectConfigurationPlatforms) = postSolution
		{5CD3DCE7-E6B1-4967-9F53-19F721FB95F7}.Debug|Any CPU.ActiveCfg = Debug|Any CPU
		{5CD3DCE7-E6B1-4967-9F53-19F721FB95F7}.Debug|Any CPU.Build.0 = Debug|Any CPU
		{5CD3DCE7-E6B1-4967-9F53-19F721FB95F7}.Release|Any CPU.ActiveCfg = Release|Any CPU
		{5CD3DCE7-E6B1-4967-9F53-19F721FB95F7}.Release|Any CPU.Build.0 = Release|Any CPU
		{3B99944E-4B38-4DB2-9CE6-E9E16F414FBB}.Debug|Any CPU.ActiveCfg = Debug|Any CPU
		{3B99944E-4B38-4DB2-9CE6-E9E16F414FBB}.Debug|Any CPU.Build.0 = Debug|Any CPU
		{3B99944E-4B38-4DB2-9CE6-E9E16F414FBB}.Release|Any CPU.ActiveCfg = Release|Any CPU
		{3B99944E-4B38-4DB2-9CE6-E9E16F414FBB}.Release|Any CPU.Build.0 = Release|Any CPU
	EndGlobalSection
	GlobalSection(SolutionProperties) = preSolution
		HideSolutionNode = FALSE
	EndGlobalSection
	GlobalSection(ExtensibilityGlobals) = postSolution
		SolutionGuid = {1C5DE3A9-3352-48F1-BF97-2E160FE1497A}
	EndGlobalSection
EndGlobal
